
Microsoft Visual Studio Solution File, Format Version 12.00
# Visual Studio Version 17
VisualStudioVersion = 17.0.31710.8
MinimumVisualStudioVersion = 10.0.40219.1
Project("{9A19103F-16F7-4668-BE54-9A1E7A4F7556}") = "PomodoroTimer", "PomodoroTimer\PomodoroTimer.csproj", "{EA4B7078-61F1-425F-9CAD-62D92A4EE05A}"
EndProject
Global
	GlobalSection(SolutionConfigurationPlatforms) = preSolution
		Debug|Any CPU = Debug|Any CPU
		Release|Any CPU = Release|Any CPU
	EndGlobalSection
	GlobalSection(ProjectConfigurationPlatforms) = postSolution
		{EA4B7078-61F1-425F-9CAD-62D92A4EE05A}.Debug|Any CPU.ActiveCfg = Debug|Any CPU
		{EA4B7078-61F1-425F-9CAD-62D92A4EE05A}.Debug|Any CPU.Build.0 = Debug|Any CPU
		{EA4B7078-61F1-425F-9CAD-62D92A4EE05A}.Release|Any CPU.ActiveCfg = Release|Any CPU
		{EA4B7078-61F1-425F-9CAD-62D92A4EE05A}.Release|Any CPU.Build.0 = Release|Any CPU
	EndGlobalSection
	GlobalSection(SolutionProperties) = preSolution
		HideSolutionNode = FALSE
	EndGlobalSection
	GlobalSection(ExtensibilityGlobals) = postSolution
		SolutionGuid = {35C4AF02-C35B-4B5D-A8CC-D9A417221873}
	EndGlobalSection
EndGlobal
